{
  "name": "mocked-realm-studio",
  "version": "999.0.0",
  "lockfileVersion": 3,
  "requires": true,
  "packages": {
    "": {
      "name": "mocked-realm-studio",
      "version": "999.0.0",
      "license": "Apache-2.0",
      "devDependencies": {
        "electron": "file:../../../../node_modules/electron"
      }
    },
    "../../../../node_modules/electron": {
      "version": "41.7.1",
      "dev": true,
      "hasInstallScript": true,
      "license": "MIT",
      "dependencies": {
        "@electron/get": "^2.0.0",
        "@types/node": "^24.9.0",
        "extract-zip": "^2.0.1"
      },
      "bin": {
        "electron": "cli.js"
      },
      "engines": {
        "node": ">= 12.20.55"
      }
    },
    "node_modules/electron": {
      "resolved": "../../../../node_modules/electron",
      "link": true
    }
  }
}
