{
  "name": "mocked-realm-studio",
  "version": "999.0.0",
  "lockfileVersion": 3,
  "requires": true,
  "packages": {
    "": {
      "name": "mocked-realm-studio",
      "version": "999.0.0",
      "license": "Apache-2.0",
      "devDependencies": {
        "electron": "file:../../../../node_modules/electron"
      }
    },
    "../../../../node_modules/electron": {
      "version": "43.0.0",
      "dev": true,
      "license": "MIT",
      "dependencies": {
        "@electron-internal/extract-zip": "^1.0.1",
        "@electron/get": "^5.0.0",
        "@types/node": "^24.9.0"
      },
      "bin": {
        "electron": "cli.js",
        "install-electron": "install.js"
      },
      "engines": {
        "node": ">= 22.12.0"
      }
    },
    "node_modules/electron": {
      "resolved": "../../../../node_modules/electron",
      "link": true
    }
  }
}
